
Microsoft Visual Studio Solution File, Format Version 12.00
Project("{F2A71F9B-5D33-465A-A702-920D77279786}") = "FSharpApp", "FSharpApp\FSharpApp.fsproj", "{72ECBEC5-3621-4CA8-9D87-D3D4BEB0034C}"
EndProject
Project("{F2A71F9B-5D33-465A-A702-920D77279786}") = "FSharp.Appsettings", "FSharp.Appsettings\FSharp.Appsettings.fsproj", "{069271FE-AD18-48B8-B65A-F8387180080B}"
EndProject
Project("{2150E333-8FDC-42A3-9474-1A3956D46DE8}") = "SolutionFolder", "SolutionFolder", "{99E65BC5-DD32-4FC4-ADAC-59B364285D79}"
	ProjectSection(SolutionItems) = preProject
		.gitignore = .gitignore
		FSharpApp.sln.DotSettings = FSharpApp.sln.DotSettings
		README.md = README.md
	EndProjectSection
EndProject
Global
	GlobalSection(SolutionConfigurationPlatforms) = preSolution
		Debug|Any CPU = Debug|Any CPU
		Release|Any CPU = Release|Any CPU
	EndGlobalSection
	GlobalSection(ProjectConfigurationPlatforms) = postSolution
		{72ECBEC5-3621-4CA8-9D87-D3D4BEB0034C}.Debug|Any CPU.ActiveCfg = Debug|Any CPU
		{72ECBEC5-3621-4CA8-9D87-D3D4BEB0034C}.Debug|Any CPU.Build.0 = Debug|Any CPU
		{72ECBEC5-3621-4CA8-9D87-D3D4BEB0034C}.Release|Any CPU.ActiveCfg = Release|Any CPU
		{72ECBEC5-3621-4CA8-9D87-D3D4BEB0034C}.Release|Any CPU.Build.0 = Release|Any CPU
		{069271FE-AD18-48B8-B65A-F8387180080B}.Debug|Any CPU.ActiveCfg = Debug|Any CPU
		{069271FE-AD18-48B8-B65A-F8387180080B}.Debug|Any CPU.Build.0 = Debug|Any CPU
		{069271FE-AD18-48B8-B65A-F8387180080B}.Release|Any CPU.ActiveCfg = Release|Any CPU
		{069271FE-AD18-48B8-B65A-F8387180080B}.Release|Any CPU.Build.0 = Release|Any CPU
	EndGlobalSection
EndGlobal
